
Microsoft Visual Studio Solution File, Format Version 12.00
Project("{FAE04EC0-301F-11D3-BF4B-00C04F79EFBC}") = "NatArrays", "NatArrays.csproj", "{7762053A-704E-42D2-8146-D0173101D8E5}"
EndProject
Project("{FAE04EC0-301F-11D3-BF4B-00C04F79EFBC}") = "NatArrays.Tests", "NatArrays.Tests\NatArrays.Tests.csproj", "{D52EFD72-21E4-4B80-8E3C-AE82AC928261}"
EndProject
Project("{FAE04EC0-301F-11D3-BF4B-00C04F79EFBC}") = "NatArrays.Debug", "NatArrays.Debug\NatArrays.Debug.csproj", "{1DF735EC-3956-493E-A491-0B7351F3442D}"
EndProject
Global
	GlobalSection(SolutionConfigurationPlatforms) = preSolution
		Debug|Any CPU = Debug|Any CPU
		Release|Any CPU = Release|Any CPU
	EndGlobalSection
	GlobalSection(ProjectConfigurationPlatforms) = postSolution
		{7762053A-704E-42D2-8146-D0173101D8E5}.Debug|Any CPU.ActiveCfg = Debug|Any CPU
		{7762053A-704E-42D2-8146-D0173101D8E5}.Debug|Any CPU.Build.0 = Debug|Any CPU
		{7762053A-704E-42D2-8146-D0173101D8E5}.Release|Any CPU.ActiveCfg = Release|Any CPU
		{7762053A-704E-42D2-8146-D0173101D8E5}.Release|Any CPU.Build.0 = Release|Any CPU
		{D52EFD72-21E4-4B80-8E3C-AE82AC928261}.Debug|Any CPU.ActiveCfg = Debug|Any CPU
		{D52EFD72-21E4-4B80-8E3C-AE82AC928261}.Debug|Any CPU.Build.0 = Debug|Any CPU
		{D52EFD72-21E4-4B80-8E3C-AE82AC928261}.Release|Any CPU.ActiveCfg = Release|Any CPU
		{D52EFD72-21E4-4B80-8E3C-AE82AC928261}.Release|Any CPU.Build.0 = Release|Any CPU
		{1DF735EC-3956-493E-A491-0B7351F3442D}.Debug|Any CPU.ActiveCfg = Debug|Any CPU
		{1DF735EC-3956-493E-A491-0B7351F3442D}.Debug|Any CPU.Build.0 = Debug|Any CPU
		{1DF735EC-3956-493E-A491-0B7351F3442D}.Release|Any CPU.ActiveCfg = Release|Any CPU
		{1DF735EC-3956-493E-A491-0B7351F3442D}.Release|Any CPU.Build.0 = Release|Any CPU
	EndGlobalSection
	GlobalSection(NestedProjects) = preSolution
	EndGlobalSection
EndGlobal
