
Microsoft Visual Studio Solution File, Format Version 12.00
Project("{FAE04EC0-301F-11D3-BF4B-00C04F79EFBC}") = "NatLib.Arrays", "NatLib.Arrays\NatLib.Arrays.csproj", "{D51B4A17-2664-4152-8C1F-CE4DBF215385}"
EndProject
Project("{FAE04EC0-301F-11D3-BF4B-00C04F79EFBC}") = "NatLib.Debug", "NatLib.Debug\NatLib.Debug.csproj", "{6D23625D-6421-4424-9F2B-0170548D7754}"
EndProject
Project("{FAE04EC0-301F-11D3-BF4B-00C04F79EFBC}") = "NatLib.Tests", "NatLib.Tests\NatLib.Tests.csproj", "{C60AF4CE-670F-469C-AB0C-4ED5755B8708}"
EndProject
Project("{FAE04EC0-301F-11D3-BF4B-00C04F79EFBC}") = "NatLib.Structs", "NatLib.Structs\NatLib.Structs.csproj", "{2B29F533-AE8D-46D3-9796-7DB1E2A54CA9}"
EndProject
Global
	GlobalSection(SolutionConfigurationPlatforms) = preSolution
		Debug|Any CPU = Debug|Any CPU
		Release|Any CPU = Release|Any CPU
	EndGlobalSection
	GlobalSection(ProjectConfigurationPlatforms) = postSolution
		{D51B4A17-2664-4152-8C1F-CE4DBF215385}.Debug|Any CPU.ActiveCfg = Debug|Any CPU
		{D51B4A17-2664-4152-8C1F-CE4DBF215385}.Debug|Any CPU.Build.0 = Debug|Any CPU
		{D51B4A17-2664-4152-8C1F-CE4DBF215385}.Release|Any CPU.ActiveCfg = Release|Any CPU
		{D51B4A17-2664-4152-8C1F-CE4DBF215385}.Release|Any CPU.Build.0 = Release|Any CPU
		{6D23625D-6421-4424-9F2B-0170548D7754}.Debug|Any CPU.ActiveCfg = Debug|Any CPU
		{6D23625D-6421-4424-9F2B-0170548D7754}.Debug|Any CPU.Build.0 = Debug|Any CPU
		{6D23625D-6421-4424-9F2B-0170548D7754}.Release|Any CPU.ActiveCfg = Release|Any CPU
		{6D23625D-6421-4424-9F2B-0170548D7754}.Release|Any CPU.Build.0 = Release|Any CPU
		{C60AF4CE-670F-469C-AB0C-4ED5755B8708}.Debug|Any CPU.ActiveCfg = Debug|Any CPU
		{C60AF4CE-670F-469C-AB0C-4ED5755B8708}.Debug|Any CPU.Build.0 = Debug|Any CPU
		{C60AF4CE-670F-469C-AB0C-4ED5755B8708}.Release|Any CPU.ActiveCfg = Release|Any CPU
		{C60AF4CE-670F-469C-AB0C-4ED5755B8708}.Release|Any CPU.Build.0 = Release|Any CPU
		{2B29F533-AE8D-46D3-9796-7DB1E2A54CA9}.Debug|Any CPU.ActiveCfg = Debug|Any CPU
		{2B29F533-AE8D-46D3-9796-7DB1E2A54CA9}.Debug|Any CPU.Build.0 = Debug|Any CPU
		{2B29F533-AE8D-46D3-9796-7DB1E2A54CA9}.Release|Any CPU.ActiveCfg = Release|Any CPU
		{2B29F533-AE8D-46D3-9796-7DB1E2A54CA9}.Release|Any CPU.Build.0 = Release|Any CPU
	EndGlobalSection
	GlobalSection(NestedProjects) = preSolution
	EndGlobalSection
EndGlobal
